// !$*UTF8*$!
{
	archiveVersion = 1;
	classes = {
	};
	objectVersion = 60;
	objects = {

/* Begin PBXBuildFile section */
		A58200000000000000000011 /* DrmKitPilotApp.swift in Sources */ = {isa = PBXBuildFile; fileRef = A58200000000000000000001 /* DrmKitPilotApp.swift */; };
		A58200000000000000000012 /* ContentView.swift in Sources */ = {isa = PBXBuildFile; fileRef = A58200000000000000000002 /* ContentView.swift */; };
		A58200000000000000000013 /* PilotModel.swift in Sources */ = {isa = PBXBuildFile; fileRef = A58200000000000000000003 /* PilotModel.swift */; };
		A58200000000000000000014 /* DrmKit in Frameworks */ = {isa = PBXBuildFile; productRef = A58200000000000000000061 /* DrmKit */; };
/* End PBXBuildFile section */

/* Begin PBXFileReference section */
		A58200000000000000000001 /* DrmKitPilotApp.swift */ = {isa = PBXFileReference; lastKnownFileType = sourcecode.swift; path = DrmKitPilotApp.swift; sourceTree = "<group>"; };
		A58200000000000000000002 /* ContentView.swift */ = {isa = PBXFileReference; lastKnownFileType = sourcecode.swift; path = ContentView.swift; sourceTree = "<group>"; };
		A58200000000000000000003 /* PilotModel.swift */ = {isa = PBXFileReference; lastKnownFileType = sourcecode.swift; path = PilotModel.swift; sourceTree = "<group>"; };
		A58200000000000000000004 /* DrmKitPilot.app */ = {isa = PBXFileReference; explicitFileType = wrapper.application; includeInIndex = 0; path = DrmKitPilot.app; sourceTree = BUILT_PRODUCTS_DIR; };
/* End PBXFileReference section */

/* Begin PBXFrameworksBuildPhase section */
		A58200000000000000000021 /* Frameworks */ = {
			isa = PBXFrameworksBuildPhase;
			buildActionMask = 2147483647;
			files = (
				A58200000000000000000014 /* DrmKit in Frameworks */,
			);
			runOnlyForDeploymentPostprocessing = 0;
		};
/* End PBXFrameworksBuildPhase section */

/* Begin PBXGroup section */
		A58200000000000000000031 = {
			isa = PBXGroup;
			children = (
				A58200000000000000000032 /* DrmKitPilot */,
				A58200000000000000000033 /* Products */,
			);
			sourceTree = "<group>";
		};
		A58200000000000000000032 /* DrmKitPilot */ = {
			isa = PBXGroup;
			children = (
				A58200000000000000000001 /* DrmKitPilotApp.swift */,
				A58200000000000000000002 /* ContentView.swift */,
				A58200000000000000000003 /* PilotModel.swift */,
			);
			path = DrmKitPilot;
			sourceTree = "<group>";
		};
		A58200000000000000000033 /* Products */ = {
			isa = PBXGroup;
			children = (
				A58200000000000000000004 /* DrmKitPilot.app */,
			);
			name = Products;
			sourceTree = "<group>";
		};
/* End PBXGroup section */

/* Begin PBXNativeTarget section */
		A58200000000000000000041 /* DrmKitPilot */ = {
			isa = PBXNativeTarget;
			buildConfigurationList = A58200000000000000000052 /* Build configuration list for PBXNativeTarget "DrmKitPilot" */;
			buildPhases = (
				A58200000000000000000022 /* Sources */,
				A58200000000000000000021 /* Frameworks */,
				A58200000000000000000023 /* Resources */,
			);
			buildRules = (
			);
			dependencies = (
			);
			name = DrmKitPilot;
			packageProductDependencies = (
				A58200000000000000000061 /* DrmKit */,
			);
			productName = DrmKitPilot;
			productReference = A58200000000000000000004 /* DrmKitPilot.app */;
			productType = "com.apple.product-type.application";
		};
/* End PBXNativeTarget section */

/* Begin PBXProject section */
		A58200000000000000000042 /* Project object */ = {
			isa = PBXProject;
			attributes = {
				BuildIndependentTargetsInParallel = 1;
				LastSwiftUpdateCheck = 1600;
				LastUpgradeCheck = 1600;
			};
			buildConfigurationList = A58200000000000000000051 /* Build configuration list for PBXProject "DrmKitPilot" */;
			compatibilityVersion = "Xcode 15.0";
			developmentRegion = en;
			hasScannedForEncodings = 0;
			knownRegions = (
				en,
				Base,
			);
			mainGroup = A58200000000000000000031;
			packageReferences = (
				A58200000000000000000062 /* XCLocalSwiftPackageReference ".." */,
			);
			productRefGroup = A58200000000000000000033 /* Products */;
			projectDirPath = "";
			projectRoot = "";
			targets = (
				A58200000000000000000041 /* DrmKitPilot */,
			);
		};
/* End PBXProject section */

/* Begin PBXResourcesBuildPhase section */
		A58200000000000000000023 /* Resources */ = {
			isa = PBXResourcesBuildPhase;
			buildActionMask = 2147483647;
			files = (
			);
			runOnlyForDeploymentPostprocessing = 0;
		};
/* End PBXResourcesBuildPhase section */

/* Begin PBXSourcesBuildPhase section */
		A58200000000000000000022 /* Sources */ = {
			isa = PBXSourcesBuildPhase;
			buildActionMask = 2147483647;
			files = (
				A58200000000000000000011 /* DrmKitPilotApp.swift in Sources */,
				A58200000000000000000012 /* ContentView.swift in Sources */,
				A58200000000000000000013 /* PilotModel.swift in Sources */,
			);
			runOnlyForDeploymentPostprocessing = 0;
		};
/* End PBXSourcesBuildPhase section */

/* Begin XCBuildConfiguration section */
		A58200000000000000000071 /* Debug */ = {
			isa = XCBuildConfiguration;
			buildSettings = {
				ALWAYS_SEARCH_USER_PATHS = NO;
				CLANG_ENABLE_MODULES = YES;
				CLANG_ENABLE_OBJC_ARC = YES;
				COPY_PHASE_STRIP = NO;
				DEBUG_INFORMATION_FORMAT = dwarf;
				ENABLE_TESTABILITY = YES;
				GCC_OPTIMIZATION_LEVEL = 0;
				IPHONEOS_DEPLOYMENT_TARGET = 15.0;
				ONLY_ACTIVE_ARCH = YES;
				SDKROOT = iphoneos;
				SWIFT_ACTIVE_COMPILATION_CONDITIONS = DEBUG;
				SWIFT_OPTIMIZATION_LEVEL = "-Onone";
			};
			name = Debug;
		};
		A58200000000000000000072 /* Release */ = {
			isa = XCBuildConfiguration;
			buildSettings = {
				ALWAYS_SEARCH_USER_PATHS = NO;
				CLANG_ENABLE_MODULES = YES;
				CLANG_ENABLE_OBJC_ARC = YES;
				COPY_PHASE_STRIP = NO;
				DEBUG_INFORMATION_FORMAT = "dwarf-with-dsym";
				IPHONEOS_DEPLOYMENT_TARGET = 15.0;
				SDKROOT = iphoneos;
				SWIFT_COMPILATION_MODE = wholemodule;
				VALIDATE_PRODUCT = YES;
			};
			name = Release;
		};
		A58200000000000000000073 /* Debug */ = {
			isa = XCBuildConfiguration;
			buildSettings = {
				CODE_SIGN_STYLE = Automatic;
				CURRENT_PROJECT_VERSION = 1;
				GENERATE_INFOPLIST_FILE = YES;
				INFOPLIST_KEY_CFBundleDisplayName = "FairPlay Pilot";
				INFOPLIST_KEY_UIApplicationSceneManifest_Generation = YES;
				INFOPLIST_KEY_UILaunchScreen_Generation = YES;
				INFOPLIST_KEY_UISupportedInterfaceOrientations = "UIInterfaceOrientationPortrait UIInterfaceOrientationLandscapeLeft UIInterfaceOrientationLandscapeRight";
				INFOPLIST_KEY_UISupportedInterfaceOrientations_iPad = "UIInterfaceOrientationPortrait UIInterfaceOrientationPortraitUpsideDown UIInterfaceOrientationLandscapeLeft UIInterfaceOrientationLandscapeRight";
				IPHONEOS_DEPLOYMENT_TARGET = 15.0;
				LD_RUNPATH_SEARCH_PATHS = (
					"$(inherited)",
					"@executable_path/Frameworks",
				);
				MARKETING_VERSION = 0.4.0;
				PRODUCT_BUNDLE_IDENTIFIER = org.dwbn.drmkit.pilot;
				PRODUCT_NAME = "$(TARGET_NAME)";
				SWIFT_VERSION = 5.0;
				TARGETED_DEVICE_FAMILY = "1,2";
			};
			name = Debug;
		};
		A58200000000000000000074 /* Release */ = {
			isa = XCBuildConfiguration;
			buildSettings = {
				CODE_SIGN_STYLE = Automatic;
				CURRENT_PROJECT_VERSION = 1;
				GENERATE_INFOPLIST_FILE = YES;
				INFOPLIST_KEY_CFBundleDisplayName = "FairPlay Pilot";
				INFOPLIST_KEY_UIApplicationSceneManifest_Generation = YES;
				INFOPLIST_KEY_UILaunchScreen_Generation = YES;
				INFOPLIST_KEY_UISupportedInterfaceOrientations = "UIInterfaceOrientationPortrait UIInterfaceOrientationLandscapeLeft UIInterfaceOrientationLandscapeRight";
				INFOPLIST_KEY_UISupportedInterfaceOrientations_iPad = "UIInterfaceOrientationPortrait UIInterfaceOrientationPortraitUpsideDown UIInterfaceOrientationLandscapeLeft UIInterfaceOrientationLandscapeRight";
				IPHONEOS_DEPLOYMENT_TARGET = 15.0;
				LD_RUNPATH_SEARCH_PATHS = (
					"$(inherited)",
					"@executable_path/Frameworks",
				);
				MARKETING_VERSION = 0.4.0;
				PRODUCT_BUNDLE_IDENTIFIER = org.dwbn.drmkit.pilot;
				PRODUCT_NAME = "$(TARGET_NAME)";
				SWIFT_VERSION = 5.0;
				TARGETED_DEVICE_FAMILY = "1,2";
			};
			name = Release;
		};
/* End XCBuildConfiguration section */

/* Begin XCConfigurationList section */
		A58200000000000000000051 /* Build configuration list for PBXProject "DrmKitPilot" */ = {
			isa = XCConfigurationList;
			buildConfigurations = (
				A58200000000000000000071 /* Debug */,
				A58200000000000000000072 /* Release */,
			);
			defaultConfigurationIsVisible = 0;
			defaultConfigurationName = Release;
		};
		A58200000000000000000052 /* Build configuration list for PBXNativeTarget "DrmKitPilot" */ = {
			isa = XCConfigurationList;
			buildConfigurations = (
				A58200000000000000000073 /* Debug */,
				A58200000000000000000074 /* Release */,
			);
			defaultConfigurationIsVisible = 0;
			defaultConfigurationName = Release;
		};
/* End XCConfigurationList section */

/* Begin XCLocalSwiftPackageReference section */
		A58200000000000000000062 /* XCLocalSwiftPackageReference ".." */ = {
			isa = XCLocalSwiftPackageReference;
			relativePath = ..;
		};
/* End XCLocalSwiftPackageReference section */

/* Begin XCSwiftPackageProductDependency section */
		A58200000000000000000061 /* DrmKit */ = {
			isa = XCSwiftPackageProductDependency;
			productName = DrmKit;
		};
/* End XCSwiftPackageProductDependency section */
	};
	rootObject = A58200000000000000000042 /* Project object */;
}
